// !$*UTF8*$!
{
	archiveVersion = 1;
	classes = {
	};
	objectVersion = 47;
	objects = {

/* Begin PBXBuildFile section */
		BA6C00E31B3072EB007B935F /* main.m in Sources */ = {isa = PBXBuildFile; fileRef = BA6C00E21B3072EB007B935F /* main.m */; };
		BA6C00E61B3072EB007B935F /* AppDelegate.m in Sources */ = {isa = PBXBuildFile; fileRef = BA6C00E51B3072EB007B935F /* AppDelegate.m */; };
		BA6C00E91B3072EB007B935F /* ViewController.m in Sources */ = {isa = PBXBuildFile; fileRef = BA6C00E81B3072EB007B935F /* ViewController.m */; };
		BA6C00EE1B3072EB007B935F /* Images.xcassets in Resources */ = {isa = PBXBuildFile; fileRef = BA6C00ED1B3072EB007B935F /* Images.xcassets */; };
		BA6C00F11B3072EB007B935F /* LaunchScreen.xib in Resources */ = {isa = PBXBuildFile; fileRef = BA6C00EF1B3072EB007B935F /* LaunchScreen.xib */; };
		BA6C01071B3077F9007B935F /* ViewController.xib in Resources */ = {isa = PBXBuildFile; fileRef = BA6C01061B3077F9007B935F /* ViewController.xib */; };
		BA6C01091B307D93007B935F /* AVFoundation.framework in Frameworks */ = {isa = PBXBuildFile; fileRef = BA6C01081B307D93007B935F /* AVFoundation.framework */; };
		BA6C010C1B308604007B935F /* run.mp3 in Resources */ = {isa = PBXBuildFile; fileRef = BA6C010B1B308604007B935F /* run.mp3 */; };
		BA6C01231B30888F007B935F /* 1.JPG in Resources */ = {isa = PBXBuildFile; fileRef = BA6C010D1B30888F007B935F /* 1.JPG */; };
		BA6C01241B30888F007B935F /* 2.JPG in Resources */ = {isa = PBXBuildFile; fileRef = BA6C010E1B30888F007B935F /* 2.JPG */; };
		BA6C01251B30888F007B935F /* 3.JPG in Resources */ = {isa = PBXBuildFile; fileRef = BA6C010F1B30888F007B935F /* 3.JPG */; };
		BA6C01261B30888F007B935F /* 4.JPG in Resources */ = {isa = PBXBuildFile; fileRef = BA6C01101B30888F007B935F /* 4.JPG */; };
		BA6C01271B30888F007B935F /* 5.JPG in Resources */ = {isa = PBXBuildFile; fileRef = BA6C01111B30888F007B935F /* 5.JPG */; };
		BA6C01281B30888F007B935F /* 6.JPG in Resources */ = {isa = PBXBuildFile; fileRef = BA6C01121B30888F007B935F /* 6.JPG */; };
		BA6C01291B30888F007B935F /* 7.JPG in Resources */ = {isa = PBXBuildFile; fileRef = BA6C01131B30888F007B935F /* 7.JPG */; };
		BA6C012A1B30888F007B935F /* 8.JPG in Resources */ = {isa = PBXBuildFile; fileRef = BA6C01141B30888F007B935F /* 8.JPG */; };
		BA6C012B1B30888F007B935F /* 9.JPG in Resources */ = {isa = PBXBuildFile; fileRef = BA6C01151B30888F007B935F /* 9.JPG */; };
		BA6C012C1B30888F007B935F /* 10.JPG in Resources */ = {isa = PBXBuildFile; fileRef = BA6C01161B30888F007B935F /* 10.JPG */; };
		BA6C012D1B30888F007B935F /* 11.JPG in Resources */ = {isa = PBXBuildFile; fileRef = BA6C01171B30888F007B935F /* 11.JPG */; };
		BA6C012E1B30888F007B935F /* 12.JPG in Resources */ = {isa = PBXBuildFile; fileRef = BA6C01181B30888F007B935F /* 12.JPG */; };
		BA6C012F1B30888F007B935F /* 13.JPG in Resources */ = {isa = PBXBuildFile; fileRef = BA6C01191B30888F007B935F /* 13.JPG */; };
		BA6C01301B30888F007B935F /* 14.JPG in Resources */ = {isa = PBXBuildFile; fileRef = BA6C011A1B30888F007B935F /* 14.JPG */; };
		BA6C01311B30888F007B935F /* 15.JPG in Resources */ = {isa = PBXBuildFile; fileRef = BA6C011B1B30888F007B935F /* 15.JPG */; };
		BA6C01321B30888F007B935F /* 16.JPG in Resources */ = {isa = PBXBuildFile; fileRef = BA6C011C1B30888F007B935F /* 16.JPG */; };
		BA6C01331B30888F007B935F /* 17.JPG in Resources */ = {isa = PBXBuildFile; fileRef = BA6C011D1B30888F007B935F /* 17.JPG */; };
		BA6C01341B30888F007B935F /* 18.JPG in Resources */ = {isa = PBXBuildFile; fileRef = BA6C011E1B30888F007B935F /* 18.JPG */; };
		BA6C01351B30888F007B935F /* 19.JPG in Resources */ = {isa = PBXBuildFile; fileRef = BA6C011F1B30888F007B935F /* 19.JPG */; };
		BA6C01361B30888F007B935F /* 20.JPG in Resources */ = {isa = PBXBuildFile; fileRef = BA6C01201B30888F007B935F /* 20.JPG */; };
		BA6C01371B30888F007B935F /* 21.JPG in Resources */ = {isa = PBXBuildFile; fileRef = BA6C01211B30888F007B935F /* 21.JPG */; };
		BA6C01381B30888F007B935F /* 22.JPG in Resources */ = {isa = PBXBuildFile; fileRef = BA6C01221B30888F007B935F /* 22.JPG */; };
		BA6C01451B308AEB007B935F /* 23.JPG in Resources */ = {isa = PBXBuildFile; fileRef = BA6C01391B308AEB007B935F /* 23.JPG */; };
		BA6C01461B308AEB007B935F /* 24.JPG in Resources */ = {isa = PBXBuildFile; fileRef = BA6C013A1B308AEB007B935F /* 24.JPG */; };
		BA6C01471B308AEB007B935F /* 25.JPG in Resources */ = {isa = PBXBuildFile; fileRef = BA6C013B1B308AEB007B935F /* 25.JPG */; };
		BA6C01481B308AEB007B935F /* 26.JPG in Resources */ = {isa = PBXBuildFile; fileRef = BA6C013C1B308AEB007B935F /* 26.JPG */; };
		BA6C01491B308AEB007B935F /* 27.JPG in Resources */ = {isa = PBXBuildFile; fileRef = BA6C013D1B308AEB007B935F /* 27.JPG */; };
		BA6C014A1B308AEB007B935F /* 28.JPG in Resources */ = {isa = PBXBuildFile; fileRef = BA6C013E1B308AEB007B935F /* 28.JPG */; };
		BA6C014B1B308AEB007B935F /* 29.JPG in Resources */ = {isa = PBXBuildFile; fileRef = BA6C013F1B308AEB007B935F /* 29.JPG */; };
		BA6C014C1B308AEB007B935F /* 30.JPG in Resources */ = {isa = PBXBuildFile; fileRef = BA6C01401B308AEB007B935F /* 30.JPG */; };
		BA6C014D1B308AEB007B935F /* 31.JPG in Resources */ = {isa = PBXBuildFile; fileRef = BA6C01411B308AEB007B935F /* 31.JPG */; };
		BA6C014E1B308AEB007B935F /* 32.JPG in Resources */ = {isa = PBXBuildFile; fileRef = BA6C01421B308AEB007B935F /* 32.JPG */; };
		BA6C014F1B308AEB007B935F /* 33.JPG in Resources */ = {isa = PBXBuildFile; fileRef = BA6C01431B308AEB007B935F /* 33.JPG */; };
		BA6C01501B308AEB007B935F /* 34.JPG in Resources */ = {isa = PBXBuildFile; fileRef = BA6C01441B308AEB007B935F /* 34.JPG */; };
		BA8E49461B43C95F00217724 /* CGGeometry+Utils.m in Sources */ = {isa = PBXBuildFile; fileRef = BA8E49451B43C95F00217724 /* CGGeometry+Utils.m */; };
		BAC588F61B4BB9D800519235 /* AssetPickerViewController.m in Sources */ = {isa = PBXBuildFile; fileRef = BAC588F41B4BB9D800519235 /* AssetPickerViewController.m */; };
		BAC588F71B4BB9D800519235 /* AssetPickerViewController.xib in Resources */ = {isa = PBXBuildFile; fileRef = BAC588F51B4BB9D800519235 /* AssetPickerViewController.xib */; };
		BAC588FB1B4BBB1F00519235 /* GlobalSetting.m in Sources */ = {isa = PBXBuildFile; fileRef = BAC588FA1B4BBB1F00519235 /* GlobalSetting.m */; };
		BAC588FE1B4BBB5A00519235 /* AssetsLibrary.framework in Frameworks */ = {isa = PBXBuildFile; fileRef = BAC588FD1B4BBB5A00519235 /* AssetsLibrary.framework */; };
		BAC9CD5C1B5F9F19008644B9 /* RMPreviewView.m in Sources */ = {isa = PBXBuildFile; fileRef = BAC9CD5B1B5F9F19008644B9 /* RMPreviewView.m */; };
		BAC9CD5E1B5FA9E6008644B9 /* OpenGLES.framework in Frameworks */ = {isa = PBXBuildFile; fileRef = BAC9CD5D1B5FA9E6008644B9 /* OpenGLES.framework */; };
		BAC9CD621B60E63A008644B9 /* HomeViewController.m in Sources */ = {isa = PBXBuildFile; fileRef = BAC9CD601B60E63A008644B9 /* HomeViewController.m */; };
		BAC9CD631B60E63A008644B9 /* HomeViewController.xib in Resources */ = {isa = PBXBuildFile; fileRef = BAC9CD611B60E63A008644B9 /* HomeViewController.xib */; };
		BAC9CD671B60E7BC008644B9 /* SettingViewController.m in Sources */ = {isa = PBXBuildFile; fileRef = BAC9CD651B60E7BC008644B9 /* SettingViewController.m */; };
		BAC9CD681B60E7BC008644B9 /* SettingViewController.xib in Resources */ = {isa = PBXBuildFile; fileRef = BAC9CD661B60E7BC008644B9 /* SettingViewController.xib */; };
		BAD50D4D1B4BBF370008B061 /* AssetCollectionViewCell.m in Sources */ = {isa = PBXBuildFile; fileRef = BAD50D4B1B4BBF370008B061 /* AssetCollectionViewCell.m */; };
		BAD50D4E1B4BBF370008B061 /* AssetCollectionViewCell.xib in Resources */ = {isa = PBXBuildFile; fileRef = BAD50D4C1B4BBF370008B061 /* AssetCollectionViewCell.xib */; };
		BAD50D511B4BC8D50008B061 /* MBProgressHUD.m in Sources */ = {isa = PBXBuildFile; fileRef = BAD50D501B4BC8D50008B061 /* MBProgressHUD.m */; };
		BAD50D561B4BD8050008B061 /* ResultViewController.m in Sources */ = {isa = PBXBuildFile; fileRef = BAD50D541B4BD8050008B061 /* ResultViewController.m */; };
		BAD50D571B4BD8050008B061 /* ResultViewController.xib in Resources */ = {isa = PBXBuildFile; fileRef = BAD50D551B4BD8050008B061 /* ResultViewController.xib */; };
		BAD50D5A1B4BD9BD0008B061 /* VideoToolbox.framework in Frameworks */ = {isa = PBXBuildFile; fileRef = BAD50D591B4BD9BD0008B061 /* VideoToolbox.framework */; };
		BAD50D5D1B4BDFB50008B061 /* Keyframe.m in Sources */ = {isa = PBXBuildFile; fileRef = BAD50D5C1B4BDFB50008B061 /* Keyframe.m */; };
/* End PBXBuildFile section */

/* Begin PBXFileReference section */
		BA6C00DD1B3072EB007B935F /* Rhythmix.app */ = {isa = PBXFileReference; explicitFileType = wrapper.application; includeInIndex = 0; path = Rhythmix.app; sourceTree = BUILT_PRODUCTS_DIR; };
		BA6C00E11B3072EB007B935F /* Info.plist */ = {isa = PBXFileReference; lastKnownFileType = text.plist.xml; path = Info.plist; sourceTree = "<group>"; };
		BA6C00E21B3072EB007B935F /* main.m */ = {isa = PBXFileReference; lastKnownFileType = sourcecode.c.objc; path = main.m; sourceTree = "<group>"; };
		BA6C00E41B3072EB007B935F /* AppDelegate.h */ = {isa = PBXFileReference; lastKnownFileType = sourcecode.c.h; path = AppDelegate.h; sourceTree = "<group>"; };
		BA6C00E51B3072EB007B935F /* AppDelegate.m */ = {isa = PBXFileReference; lastKnownFileType = sourcecode.c.objc; path = AppDelegate.m; sourceTree = "<group>"; };
		BA6C00E71B3072EB007B935F /* ViewController.h */ = {isa = PBXFileReference; lastKnownFileType = sourcecode.c.h; path = ViewController.h; sourceTree = "<group>"; };
		BA6C00E81B3072EB007B935F /* ViewController.m */ = {isa = PBXFileReference; lastKnownFileType = sourcecode.c.objc; path = ViewController.m; sourceTree = "<group>"; };
		BA6C00ED1B3072EB007B935F /* Images.xcassets */ = {isa = PBXFileReference; lastKnownFileType = folder.assetcatalog; path = Images.xcassets; sourceTree = "<group>"; };
		BA6C00F01B3072EB007B935F /* Base */ = {isa = PBXFileReference; lastKnownFileType = file.xib; name = Base; path = Base.lproj/LaunchScreen.xib; sourceTree = "<group>"; };
		BA6C01061B3077F9007B935F /* ViewController.xib */ = {isa = PBXFileReference; fileEncoding = 4; lastKnownFileType = file.xib; path = ViewController.xib; sourceTree = "<group>"; };
		BA6C01081B307D93007B935F /* AVFoundation.framework */ = {isa = PBXFileReference; lastKnownFileType = wrapper.framework; name = AVFoundation.framework; path = System/Library/Frameworks/AVFoundation.framework; sourceTree = SDKROOT; };
		BA6C010B1B308604007B935F /* run.mp3 */ = {isa = PBXFileReference; lastKnownFileType = audio.mp3; path = run.mp3; sourceTree = "<group>"; };
		BA6C010D1B30888F007B935F /* 1.JPG */ = {isa = PBXFileReference; lastKnownFileType = image.jpeg; path = 1.JPG; sourceTree = "<group>"; };
		BA6C010E1B30888F007B935F /* 2.JPG */ = {isa = PBXFileReference; lastKnownFileType = image.jpeg; path = 2.JPG; sourceTree = "<group>"; };
		BA6C010F1B30888F007B935F /* 3.JPG */ = {isa = PBXFileReference; lastKnownFileType = image.jpeg; path = 3.JPG; sourceTree = "<group>"; };
		BA6C01101B30888F007B935F /* 4.JPG */ = {isa = PBXFileReference; lastKnownFileType = image.jpeg; path = 4.JPG; sourceTree = "<group>"; };
		BA6C01111B30888F007B935F /* 5.JPG */ = {isa = PBXFileReference; lastKnownFileType = image.jpeg; path = 5.JPG; sourceTree = "<group>"; };
		BA6C01121B30888F007B935F /* 6.JPG */ = {isa = PBXFileReference; lastKnownFileType = image.jpeg; path = 6.JPG; sourceTree = "<group>"; };
		BA6C01131B30888F007B935F /* 7.JPG */ = {isa = PBXFileReference; lastKnownFileType = image.jpeg; path = 7.JPG; sourceTree = "<group>"; };
		BA6C01141B30888F007B935F /* 8.JPG */ = {isa = PBXFileReference; lastKnownFileType = image.jpeg; path = 8.JPG; sourceTree = "<group>"; };
		BA6C01151B30888F007B935F /* 9.JPG */ = {isa = PBXFileReference; lastKnownFileType = image.jpeg; path = 9.JPG; sourceTree = "<group>"; };
		BA6C01161B30888F007B935F /* 10.JPG */ = {isa = PBXFileReference; lastKnownFileType = image.jpeg; path = 10.JPG; sourceTree = "<group>"; };
		BA6C01171B30888F007B935F /* 11.JPG */ = {isa = PBXFileReference; lastKnownFileType = image.jpeg; path = 11.JPG; sourceTree = "<group>"; };
		BA6C01181B30888F007B935F /* 12.JPG */ = {isa = PBXFileReference; lastKnownFileType = image.jpeg; path = 12.JPG; sourceTree = "<group>"; };
		BA6C01191B30888F007B935F /* 13.JPG */ = {isa = PBXFileReference; lastKnownFileType = image.jpeg; path = 13.JPG; sourceTree = "<group>"; };
		BA6C011A1B30888F007B935F /* 14.JPG */ = {isa = PBXFileReference; lastKnownFileType = image.jpeg; path = 14.JPG; sourceTree = "<group>"; };
		BA6C011B1B30888F007B935F /* 15.JPG */ = {isa = PBXFileReference; lastKnownFileType = image.jpeg; path = 15.JPG; sourceTree = "<group>"; };
		BA6C011C1B30888F007B935F /* 16.JPG */ = {isa = PBXFileReference; lastKnownFileType = image.jpeg; path = 16.JPG; sourceTree = "<group>"; };
		BA6C011D1B30888F007B935F /* 17.JPG */ = {isa = PBXFileReference; lastKnownFileType = image.jpeg; path = 17.JPG; sourceTree = "<group>"; };
		BA6C011E1B30888F007B935F /* 18.JPG */ = {isa = PBXFileReference; lastKnownFileType = image.jpeg; path = 18.JPG; sourceTree = "<group>"; };
		BA6C011F1B30888F007B935F /* 19.JPG */ = {isa = PBXFileReference; lastKnownFileType = image.jpeg; path = 19.JPG; sourceTree = "<group>"; };
		BA6C01201B30888F007B935F /* 20.JPG */ = {isa = PBXFileReference; lastKnownFileType = image.jpeg; path = 20.JPG; sourceTree = "<group>"; };
		BA6C01211B30888F007B935F /* 21.JPG */ = {isa = PBXFileReference; lastKnownFileType = image.jpeg; path = 21.JPG; sourceTree = "<group>"; };
		BA6C01221B30888F007B935F /* 22.JPG */ = {isa = PBXFileReference; lastKnownFileType = image.jpeg; path = 22.JPG; sourceTree = "<group>"; };
		BA6C01391B308AEB007B935F /* 23.JPG */ = {isa = PBXFileReference; lastKnownFileType = image.jpeg; path = 23.JPG; sourceTree = "<group>"; };
		BA6C013A1B308AEB007B935F /* 24.JPG */ = {isa = PBXFileReference; lastKnownFileType = image.jpeg; path = 24.JPG; sourceTree = "<group>"; };
		BA6C013B1B308AEB007B935F /* 25.JPG */ = {isa = PBXFileReference; lastKnownFileType = image.jpeg; path = 25.JPG; sourceTree = "<group>"; };
		BA6C013C1B308AEB007B935F /* 26.JPG */ = {isa = PBXFileReference; lastKnownFileType = image.jpeg; path = 26.JPG; sourceTree = "<group>"; };
		BA6C013D1B308AEB007B935F /* 27.JPG */ = {isa = PBXFileReference; lastKnownFileType = image.jpeg; path = 27.JPG; sourceTree = "<group>"; };
		BA6C013E1B308AEB007B935F /* 28.JPG */ = {isa = PBXFileReference; lastKnownFileType = image.jpeg; path = 28.JPG; sourceTree = "<group>"; };
		BA6C013F1B308AEB007B935F /* 29.JPG */ = {isa = PBXFileReference; lastKnownFileType = image.jpeg; path = 29.JPG; sourceTree = "<group>"; };
		BA6C01401B308AEB007B935F /* 30.JPG */ = {isa = PBXFileReference; lastKnownFileType = image.jpeg; path = 30.JPG; sourceTree = "<group>"; };
		BA6C01411B308AEB007B935F /* 31.JPG */ = {isa = PBXFileReference; lastKnownFileType = image.jpeg; path = 31.JPG; sourceTree = "<group>"; };
		BA6C01421B308AEB007B935F /* 32.JPG */ = {isa = PBXFileReference; lastKnownFileType = image.jpeg; path = 32.JPG; sourceTree = "<group>"; };
		BA6C01431B308AEB007B935F /* 33.JPG */ = {isa = PBXFileReference; lastKnownFileType = image.jpeg; path = 33.JPG; sourceTree = "<group>"; };
		BA6C01441B308AEB007B935F /* 34.JPG */ = {isa = PBXFileReference; lastKnownFileType = image.jpeg; path = 34.JPG; sourceTree = "<group>"; };
		BA8E49441B43C95F00217724 /* CGGeometry+Utils.h */ = {isa = PBXFileReference; fileEncoding = 4; lastKnownFileType = sourcecode.c.h; path = "CGGeometry+Utils.h"; sourceTree = "<group>"; };
		BA8E49451B43C95F00217724 /* CGGeometry+Utils.m */ = {isa = PBXFileReference; fileEncoding = 4; lastKnownFileType = sourcecode.c.objc; path = "CGGeometry+Utils.m"; sourceTree = "<group>"; };
		BAC588F31B4BB9D800519235 /* AssetPickerViewController.h */ = {isa = PBXFileReference; fileEncoding = 4; lastKnownFileType = sourcecode.c.h; name = AssetPickerViewController.h; path = Picker/AssetPickerViewController.h; sourceTree = "<group>"; };
		BAC588F41B4BB9D800519235 /* AssetPickerViewController.m */ = {isa = PBXFileReference; fileEncoding = 4; lastKnownFileType = sourcecode.c.objc; name = AssetPickerViewController.m; path = Picker/AssetPickerViewController.m; sourceTree = "<group>"; };
		BAC588F51B4BB9D800519235 /* AssetPickerViewController.xib */ = {isa = PBXFileReference; fileEncoding = 4; lastKnownFileType = file.xib; name = AssetPickerViewController.xib; path = Picker/AssetPickerViewController.xib; sourceTree = "<group>"; };
		BAC588F91B4BBB1F00519235 /* GlobalSetting.h */ = {isa = PBXFileReference; fileEncoding = 4; lastKnownFileType = sourcecode.c.h; name = GlobalSetting.h; path = Common/GlobalSetting.h; sourceTree = "<group>"; };
		BAC588FA1B4BBB1F00519235 /* GlobalSetting.m */ = {isa = PBXFileReference; fileEncoding = 4; lastKnownFileType = sourcecode.c.objc; name = GlobalSetting.m; path = Common/GlobalSetting.m; sourceTree = "<group>"; };
		BAC588FD1B4BBB5A00519235 /* AssetsLibrary.framework */ = {isa = PBXFileReference; lastKnownFileType = wrapper.framework; name = AssetsLibrary.framework; path = System/Library/Frameworks/AssetsLibrary.framework; sourceTree = SDKROOT; };
		BAC588FF1B4BBD8C00519235 /* CommonKit.h */ = {isa = PBXFileReference; lastKnownFileType = sourcecode.c.h; name = CommonKit.h; path = Common/CommonKit.h; sourceTree = "<group>"; };
		BAC9CD5A1B5F9F19008644B9 /* RMPreviewView.h */ = {isa = PBXFileReference; fileEncoding = 4; lastKnownFileType = sourcecode.c.h; name = RMPreviewView.h; path = CustomView/RMPreviewView.h; sourceTree = "<group>"; };
		BAC9CD5B1B5F9F19008644B9 /* RMPreviewView.m */ = {isa = PBXFileReference; fileEncoding = 4; lastKnownFileType = sourcecode.c.objc; name = RMPreviewView.m; path = CustomView/RMPreviewView.m; sourceTree = "<group>"; };
		BAC9CD5D1B5FA9E6008644B9 /* OpenGLES.framework */ = {isa = PBXFileReference; lastKnownFileType = wrapper.framework; name = OpenGLES.framework; path = System/Library/Frameworks/OpenGLES.framework; sourceTree = SDKROOT; };
		BAC9CD5F1B60E63A008644B9 /* HomeViewController.h */ = {isa = PBXFileReference; fileEncoding = 4; lastKnownFileType = sourcecode.c.h; path = HomeViewController.h; sourceTree = "<group>"; };
		BAC9CD601B60E63A008644B9 /* HomeViewController.m */ = {isa = PBXFileReference; fileEncoding = 4; lastKnownFileType = sourcecode.c.objc; path = HomeViewController.m; sourceTree = "<group>"; };
		BAC9CD611B60E63A008644B9 /* HomeViewController.xib */ = {isa = PBXFileReference; fileEncoding = 4; lastKnownFileType = file.xib; path = HomeViewController.xib; sourceTree = "<group>"; };
		BAC9CD641B60E7BC008644B9 /* SettingViewController.h */ = {isa = PBXFileReference; fileEncoding = 4; lastKnownFileType = sourcecode.c.h; path = SettingViewController.h; sourceTree = "<group>"; };
		BAC9CD651B60E7BC008644B9 /* SettingViewController.m */ = {isa = PBXFileReference; fileEncoding = 4; lastKnownFileType = sourcecode.c.objc; path = SettingViewController.m; sourceTree = "<group>"; };
		BAC9CD661B60E7BC008644B9 /* SettingViewController.xib */ = {isa = PBXFileReference; fileEncoding = 4; lastKnownFileType = file.xib; path = SettingViewController.xib; sourceTree = "<group>"; };
		BAD50D491B4BBDDA0008B061 /* Rhythmix-Prefix.pch */ = {isa = PBXFileReference; lastKnownFileType = sourcecode.c.h; name = "Rhythmix-Prefix.pch"; path = "Common/Rhythmix-Prefix.pch"; sourceTree = "<group>"; };
		BAD50D4A1B4BBF370008B061 /* AssetCollectionViewCell.h */ = {isa = PBXFileReference; fileEncoding = 4; lastKnownFileType = sourcecode.c.h; name = AssetCollectionViewCell.h; path = Picker/AssetCollectionViewCell.h; sourceTree = "<group>"; };
		BAD50D4B1B4BBF370008B061 /* AssetCollectionViewCell.m */ = {isa = PBXFileReference; fileEncoding = 4; lastKnownFileType = sourcecode.c.objc; name = AssetCollectionViewCell.m; path = Picker/AssetCollectionViewCell.m; sourceTree = "<group>"; };
		BAD50D4C1B4BBF370008B061 /* AssetCollectionViewCell.xib */ = {isa = PBXFileReference; fileEncoding = 4; lastKnownFileType = file.xib; name = AssetCollectionViewCell.xib; path = Picker/AssetCollectionViewCell.xib; sourceTree = "<group>"; };
		BAD50D4F1B4BC8D50008B061 /* MBProgressHUD.h */ = {isa = PBXFileReference; fileEncoding = 4; lastKnownFileType = sourcecode.c.h; name = MBProgressHUD.h; path = CustomView/MBProgressHUD.h; sourceTree = "<group>"; };
		BAD50D501B4BC8D50008B061 /* MBProgressHUD.m */ = {isa = PBXFileReference; fileEncoding = 4; lastKnownFileType = sourcecode.c.objc; name = MBProgressHUD.m; path = CustomView/MBProgressHUD.m; sourceTree = "<group>"; };
		BAD50D531B4BD8050008B061 /* ResultViewController.h */ = {isa = PBXFileReference; fileEncoding = 4; lastKnownFileType = sourcecode.c.h; name = ResultViewController.h; path = Result/ResultViewController.h; sourceTree = "<group>"; };
		BAD50D541B4BD8050008B061 /* ResultViewController.m */ = {isa = PBXFileReference; fileEncoding = 4; lastKnownFileType = sourcecode.c.objc; name = ResultViewController.m; path = Result/ResultViewController.m; sourceTree = "<group>"; };
		BAD50D551B4BD8050008B061 /* ResultViewController.xib */ = {isa = PBXFileReference; fileEncoding = 4; lastKnownFileType = file.xib; name = ResultViewController.xib; path = Result/ResultViewController.xib; sourceTree = "<group>"; };
		BAD50D591B4BD9BD0008B061 /* VideoToolbox.framework */ = {isa = PBXFileReference; lastKnownFileType = wrapper.framework; name = VideoToolbox.framework; path = System/Library/Frameworks/VideoToolbox.framework; sourceTree = SDKROOT; };
		BAD50D5B1B4BDFB50008B061 /* Keyframe.h */ = {isa = PBXFileReference; fileEncoding = 4; lastKnownFileType = sourcecode.c.h; name = Keyframe.h; path = Model/Keyframe.h; sourceTree = "<group>"; };
		BAD50D5C1B4BDFB50008B061 /* Keyframe.m */ = {isa = PBXFileReference; fileEncoding = 4; lastKnownFileType = sourcecode.c.objc; name = Keyframe.m; path = Model/Keyframe.m; sourceTree = "<group>"; };
/* End PBXFileReference section */

/* Begin PBXFrameworksBuildPhase section */
		BA6C00DA1B3072EB007B935F /* Frameworks */ = {
			isa = PBXFrameworksBuildPhase;
			buildActionMask = 2147483647;
			files = (
				BAC9CD5E1B5FA9E6008644B9 /* OpenGLES.framework in Frameworks */,
				BAD50D5A1B4BD9BD0008B061 /* VideoToolbox.framework in Frameworks */,
				BAC588FE1B4BBB5A00519235 /* AssetsLibrary.framework in Frameworks */,
				BA6C01091B307D93007B935F /* AVFoundation.framework in Frameworks */,
			);
			runOnlyForDeploymentPostprocessing = 0;
		};
/* End PBXFrameworksBuildPhase section */

/* Begin PBXGroup section */
		BA6C00D41B3072EB007B935F = {
			isa = PBXGroup;
			children = (
				BA6C010A1B307D96007B935F /* Frameworks */,
				BA6C00DF1B3072EB007B935F /* Rhythmix */,
				BA6C00DE1B3072EB007B935F /* Products */,
			);
			sourceTree = "<group>";
		};
		BA6C00DE1B3072EB007B935F /* Products */ = {
			isa = PBXGroup;
			children = (
				BA6C00DD1B3072EB007B935F /* Rhythmix.app */,
			);
			name = Products;
			sourceTree = "<group>";
		};
		BA6C00DF1B3072EB007B935F /* Rhythmix */ = {
			isa = PBXGroup;
			children = (
				BAD50D521B4BC8DA0008B061 /* CustomView */,
				BAC588FC1B4BBB2400519235 /* Common */,
				BAC588F81B4BB9DD00519235 /* Picker */,
				BAD50D5E1B4BDFBA0008B061 /* Model */,
				BAD50D581B4BD80A0008B061 /* Result */,
				BA8E49441B43C95F00217724 /* CGGeometry+Utils.h */,
				BA8E49451B43C95F00217724 /* CGGeometry+Utils.m */,
				BA6C00E41B3072EB007B935F /* AppDelegate.h */,
				BA6C00E51B3072EB007B935F /* AppDelegate.m */,
				BA6C00E71B3072EB007B935F /* ViewController.h */,
				BA6C00E81B3072EB007B935F /* ViewController.m */,
				BA6C01061B3077F9007B935F /* ViewController.xib */,
				BAC9CD5F1B60E63A008644B9 /* HomeViewController.h */,
				BAC9CD601B60E63A008644B9 /* HomeViewController.m */,
				BAC9CD611B60E63A008644B9 /* HomeViewController.xib */,
				BAC9CD641B60E7BC008644B9 /* SettingViewController.h */,
				BAC9CD651B60E7BC008644B9 /* SettingViewController.m */,
				BAC9CD661B60E7BC008644B9 /* SettingViewController.xib */,
				BA6C00ED1B3072EB007B935F /* Images.xcassets */,
				BA6C00EF1B3072EB007B935F /* LaunchScreen.xib */,
				BA6C00E01B3072EB007B935F /* Supporting Files */,
			);
			path = Rhythmix;
			sourceTree = "<group>";
		};
		BA6C00E01B3072EB007B935F /* Supporting Files */ = {
			isa = PBXGroup;
			children = (
				BA6C01391B308AEB007B935F /* 23.JPG */,
				BA6C013A1B308AEB007B935F /* 24.JPG */,
				BA6C013B1B308AEB007B935F /* 25.JPG */,
				BA6C013C1B308AEB007B935F /* 26.JPG */,
				BA6C013D1B308AEB007B935F /* 27.JPG */,
				BA6C013E1B308AEB007B935F /* 28.JPG */,
				BA6C013F1B308AEB007B935F /* 29.JPG */,
				BA6C01401B308AEB007B935F /* 30.JPG */,
				BA6C01411B308AEB007B935F /* 31.JPG */,
				BA6C01421B308AEB007B935F /* 32.JPG */,
				BA6C01431B308AEB007B935F /* 33.JPG */,
				BA6C01441B308AEB007B935F /* 34.JPG */,
				BA6C010D1B30888F007B935F /* 1.JPG */,
				BA6C010E1B30888F007B935F /* 2.JPG */,
				BA6C010F1B30888F007B935F /* 3.JPG */,
				BA6C01101B30888F007B935F /* 4.JPG */,
				BA6C01111B30888F007B935F /* 5.JPG */,
				BA6C01121B30888F007B935F /* 6.JPG */,
				BA6C01131B30888F007B935F /* 7.JPG */,
				BA6C01141B30888F007B935F /* 8.JPG */,
				BA6C01151B30888F007B935F /* 9.JPG */,
				BA6C01161B30888F007B935F /* 10.JPG */,
				BA6C01171B30888F007B935F /* 11.JPG */,
				BA6C01181B30888F007B935F /* 12.JPG */,
				BA6C01191B30888F007B935F /* 13.JPG */,
				BA6C011A1B30888F007B935F /* 14.JPG */,
				BA6C011B1B30888F007B935F /* 15.JPG */,
				BA6C011C1B30888F007B935F /* 16.JPG */,
				BA6C011D1B30888F007B935F /* 17.JPG */,
				BA6C011E1B30888F007B935F /* 18.JPG */,
				BA6C011F1B30888F007B935F /* 19.JPG */,
				BA6C01201B30888F007B935F /* 20.JPG */,
				BA6C01211B30888F007B935F /* 21.JPG */,
				BA6C01221B30888F007B935F /* 22.JPG */,
				BA6C010B1B308604007B935F /* run.mp3 */,
				BA6C00E11B3072EB007B935F /* Info.plist */,
				BA6C00E21B3072EB007B935F /* main.m */,
			);
			name = "Supporting Files";
			sourceTree = "<group>";
		};
		BA6C010A1B307D96007B935F /* Frameworks */ = {
			isa = PBXGroup;
			children = (
				BAC9CD5D1B5FA9E6008644B9 /* OpenGLES.framework */,
				BAD50D591B4BD9BD0008B061 /* VideoToolbox.framework */,
				BAC588FD1B4BBB5A00519235 /* AssetsLibrary.framework */,
				BA6C01081B307D93007B935F /* AVFoundation.framework */,
			);
			name = Frameworks;
			sourceTree = "<group>";
		};
		BAC588F81B4BB9DD00519235 /* Picker */ = {
			isa = PBXGroup;
			children = (
				BAC588F31B4BB9D800519235 /* AssetPickerViewController.h */,
				BAC588F41B4BB9D800519235 /* AssetPickerViewController.m */,
				BAC588F51B4BB9D800519235 /* AssetPickerViewController.xib */,
				BAD50D4A1B4BBF370008B061 /* AssetCollectionViewCell.h */,
				BAD50D4B1B4BBF370008B061 /* AssetCollectionViewCell.m */,
				BAD50D4C1B4BBF370008B061 /* AssetCollectionViewCell.xib */,
			);
			name = Picker;
			sourceTree = "<group>";
		};
		BAC588FC1B4BBB2400519235 /* Common */ = {
			isa = PBXGroup;
			children = (
				BAD50D491B4BBDDA0008B061 /* Rhythmix-Prefix.pch */,
				BAC588F91B4BBB1F00519235 /* GlobalSetting.h */,
				BAC588FA1B4BBB1F00519235 /* GlobalSetting.m */,
				BAC588FF1B4BBD8C00519235 /* CommonKit.h */,
			);
			name = Common;
			sourceTree = "<group>";
		};
		BAD50D521B4BC8DA0008B061 /* CustomView */ = {
			isa = PBXGroup;
			children = (
				BAD50D4F1B4BC8D50008B061 /* MBProgressHUD.h */,
				BAD50D501B4BC8D50008B061 /* MBProgressHUD.m */,
				BAC9CD5A1B5F9F19008644B9 /* RMPreviewView.h */,
				BAC9CD5B1B5F9F19008644B9 /* RMPreviewView.m */,
			);
			name = CustomView;
			sourceTree = "<group>";
		};
		BAD50D581B4BD80A0008B061 /* Result */ = {
			isa = PBXGroup;
			children = (
				BAD50D531B4BD8050008B061 /* ResultViewController.h */,
				BAD50D541B4BD8050008B061 /* ResultViewController.m */,
				BAD50D551B4BD8050008B061 /* ResultViewController.xib */,
			);
			name = Result;
			sourceTree = "<group>";
		};
		BAD50D5E1B4BDFBA0008B061 /* Model */ = {
			isa = PBXGroup;
			children = (
				BAD50D5B1B4BDFB50008B061 /* Keyframe.h */,
				BAD50D5C1B4BDFB50008B061 /* Keyframe.m */,
			);
			name = Model;
			sourceTree = "<group>";
		};
/* End PBXGroup section */

/* Begin PBXNativeTarget section */
		BA6C00DC1B3072EB007B935F /* Rhythmix */ = {
			isa = PBXNativeTarget;
			buildConfigurationList = BA6C01001B3072EB007B935F /* Build configuration list for PBXNativeTarget "Rhythmix" */;
			buildPhases = (
				BA6C00D91B3072EB007B935F /* Sources */,
				BA6C00DA1B3072EB007B935F /* Frameworks */,
				BA6C00DB1B3072EB007B935F /* Resources */,
			);
			buildRules = (
			);
			dependencies = (
			);
			name = Rhythmix;
			productName = Rhythmix;
			productReference = BA6C00DD1B3072EB007B935F /* Rhythmix.app */;
			productType = "com.apple.product-type.application";
		};
/* End PBXNativeTarget section */

/* Begin PBXProject section */
		BA6C00D51B3072EB007B935F /* Project object */ = {
			isa = PBXProject;
			attributes = {
				LastUpgradeCheck = 0630;
				ORGANIZATIONNAME = shadowjilu;
				TargetAttributes = {
					BA6C00DC1B3072EB007B935F = {
						CreatedOnToolsVersion = 6.3.2;
						DevelopmentTeam = BA96H9FD2B;
					};
				};
			};
			buildConfigurationList = BA6C00D81B3072EB007B935F /* Build configuration list for PBXProject "Rhythmix" */;
			compatibilityVersion = "Xcode 6.3";
			developmentRegion = English;
			hasScannedForEncodings = 0;
			knownRegions = (
				en,
				Base,
			);
			mainGroup = BA6C00D41B3072EB007B935F;
			productRefGroup = BA6C00DE1B3072EB007B935F /* Products */;
			projectDirPath = "";
			projectRoot = "";
			targets = (
				BA6C00DC1B3072EB007B935F /* Rhythmix */,
			);
		};
/* End PBXProject section */

/* Begin PBXResourcesBuildPhase section */
		BA6C00DB1B3072EB007B935F /* Resources */ = {
			isa = PBXResourcesBuildPhase;
			buildActionMask = 2147483647;
			files = (
				BA6C01451B308AEB007B935F /* 23.JPG in Resources */,
				BA6C01271B30888F007B935F /* 5.JPG in Resources */,
				BA6C01351B30888F007B935F /* 19.JPG in Resources */,
				BA6C01481B308AEB007B935F /* 26.JPG in Resources */,
				BA6C01241B30888F007B935F /* 2.JPG in Resources */,
				BAC9CD631B60E63A008644B9 /* HomeViewController.xib in Resources */,
				BA6C01251B30888F007B935F /* 3.JPG in Resources */,
				BA6C014A1B308AEB007B935F /* 28.JPG in Resources */,
				BA6C01331B30888F007B935F /* 17.JPG in Resources */,
				BA6C01461B308AEB007B935F /* 24.JPG in Resources */,
				BA6C01501B308AEB007B935F /* 34.JPG in Resources */,
				BA6C014E1B308AEB007B935F /* 32.JPG in Resources */,
				BAC9CD681B60E7BC008644B9 /* SettingViewController.xib in Resources */,
				BA6C014C1B308AEB007B935F /* 30.JPG in Resources */,
				BA6C012D1B30888F007B935F /* 11.JPG in Resources */,
				BA6C00F11B3072EB007B935F /* LaunchScreen.xib in Resources */,
				BA6C012E1B30888F007B935F /* 12.JPG in Resources */,
				BA6C014D1B308AEB007B935F /* 31.JPG in Resources */,
				BA6C014B1B308AEB007B935F /* 29.JPG in Resources */,
				BA6C01381B30888F007B935F /* 22.JPG in Resources */,
				BA6C01371B30888F007B935F /* 21.JPG in Resources */,
				BA6C012B1B30888F007B935F /* 9.JPG in Resources */,
				BA6C01491B308AEB007B935F /* 27.JPG in Resources */,
				BA6C01071B3077F9007B935F /* ViewController.xib in Resources */,
				BA6C012C1B30888F007B935F /* 10.JPG in Resources */,
				BA6C01311B30888F007B935F /* 15.JPG in Resources */,
				BAC588F71B4BB9D800519235 /* AssetPickerViewController.xib in Resources */,
				BA6C01361B30888F007B935F /* 20.JPG in Resources */,
				BAD50D571B4BD8050008B061 /* ResultViewController.xib in Resources */,
				BA6C01471B308AEB007B935F /* 25.JPG in Resources */,
				BAD50D4E1B4BBF370008B061 /* AssetCollectionViewCell.xib in Resources */,
				BA6C01301B30888F007B935F /* 14.JPG in Resources */,
				BA6C012F1B30888F007B935F /* 13.JPG in Resources */,
				BA6C01341B30888F007B935F /* 18.JPG in Resources */,
				BA6C00EE1B3072EB007B935F /* Images.xcassets in Resources */,
				BA6C01321B30888F007B935F /* 16.JPG in Resources */,
				BA6C012A1B30888F007B935F /* 8.JPG in Resources */,
				BA6C01231B30888F007B935F /* 1.JPG in Resources */,
				BA6C014F1B308AEB007B935F /* 33.JPG in Resources */,
				BA6C01261B30888F007B935F /* 4.JPG in Resources */,
				BA6C01281B30888F007B935F /* 6.JPG in Resources */,
				BA6C010C1B308604007B935F /* run.mp3 in Resources */,
				BA6C01291B30888F007B935F /* 7.JPG in Resources */,
			);
			runOnlyForDeploymentPostprocessing = 0;
		};
/* End PBXResourcesBuildPhase section */

/* Begin PBXSourcesBuildPhase section */
		BA6C00D91B3072EB007B935F /* Sources */ = {
			isa = PBXSourcesBuildPhase;
			buildActionMask = 2147483647;
			files = (
				BA6C00E91B3072EB007B935F /* ViewController.m in Sources */,
				BAC588F61B4BB9D800519235 /* AssetPickerViewController.m in Sources */,
				BAC9CD671B60E7BC008644B9 /* SettingViewController.m in Sources */,
				BAD50D4D1B4BBF370008B061 /* AssetCollectionViewCell.m in Sources */,
				BA6C00E61B3072EB007B935F /* AppDelegate.m in Sources */,
				BA6C00E31B3072EB007B935F /* main.m in Sources */,
				BA8E49461B43C95F00217724 /* CGGeometry+Utils.m in Sources */,
				BAC588FB1B4BBB1F00519235 /* GlobalSetting.m in Sources */,
				BAD50D511B4BC8D50008B061 /* MBProgressHUD.m in Sources */,
				BAD50D561B4BD8050008B061 /* ResultViewController.m in Sources */,
				BAC9CD5C1B5F9F19008644B9 /* RMPreviewView.m in Sources */,
				BAD50D5D1B4BDFB50008B061 /* Keyframe.m in Sources */,
				BAC9CD621B60E63A008644B9 /* HomeViewController.m in Sources */,
			);
			runOnlyForDeploymentPostprocessing = 0;
		};
/* End PBXSourcesBuildPhase section */

/* Begin PBXVariantGroup section */
		BA6C00EF1B3072EB007B935F /* LaunchScreen.xib */ = {
			isa = PBXVariantGroup;
			children = (
				BA6C00F01B3072EB007B935F /* Base */,
			);
			name = LaunchScreen.xib;
			sourceTree = "<group>";
		};
/* End PBXVariantGroup section */

/* Begin XCBuildConfiguration section */
		BA6C00FE1B3072EB007B935F /* Debug */ = {
			isa = XCBuildConfiguration;
			buildSettings = {
				ALWAYS_SEARCH_USER_PATHS = NO;
				CLANG_CXX_LANGUAGE_STANDARD = "gnu++0x";
				CLANG_CXX_LIBRARY = "libc++";
				CLANG_ENABLE_MODULES = YES;
				CLANG_ENABLE_OBJC_ARC = YES;
				CLANG_WARN_BOOL_CONVERSION = YES;
				CLANG_WARN_CONSTANT_CONVERSION = YES;
				CLANG_WARN_DIRECT_OBJC_ISA_USAGE = YES_ERROR;
				CLANG_WARN_EMPTY_BODY = YES;
				CLANG_WARN_ENUM_CONVERSION = YES;
				CLANG_WARN_INT_CONVERSION = YES;
				CLANG_WARN_OBJC_ROOT_CLASS = YES_ERROR;
				CLANG_WARN_UNREACHABLE_CODE = YES;
				CLANG_WARN__DUPLICATE_METHOD_MATCH = YES;
				"CODE_SIGN_IDENTITY[sdk=iphoneos*]" = "iPhone Developer";
				COPY_PHASE_STRIP = NO;
				DEBUG_INFORMATION_FORMAT = "dwarf-with-dsym";
				ENABLE_STRICT_OBJC_MSGSEND = YES;
				GCC_C_LANGUAGE_STANDARD = gnu99;
				GCC_DYNAMIC_NO_PIC = NO;
				GCC_NO_COMMON_BLOCKS = YES;
				GCC_OPTIMIZATION_LEVEL = 0;
				GCC_PREPROCESSOR_DEFINITIONS = (
					"DEBUG=1",
					"$(inherited)",
				);
				GCC_SYMBOLS_PRIVATE_EXTERN = NO;
				GCC_WARN_64_TO_32_BIT_CONVERSION = YES;
				GCC_WARN_ABOUT_RETURN_TYPE = YES_ERROR;
				GCC_WARN_UNDECLARED_SELECTOR = YES;
				GCC_WARN_UNINITIALIZED_AUTOS = YES_AGGRESSIVE;
				GCC_WARN_UNUSED_FUNCTION = YES;
				GCC_WARN_UNUSED_VARIABLE = YES;
				IPHONEOS_DEPLOYMENT_TARGET = 7.0;
				MTL_ENABLE_DEBUG_INFO = YES;
				ONLY_ACTIVE_ARCH = YES;
				SDKROOT = iphoneos;
			};
			name = Debug;
		};
		BA6C00FF1B3072EB007B935F /* Release */ = {
			isa = XCBuildConfiguration;
			buildSettings = {
				ALWAYS_SEARCH_USER_PATHS = NO;
				CLANG_CXX_LANGUAGE_STANDARD = "gnu++0x";
				CLANG_CXX_LIBRARY = "libc++";
				CLANG_ENABLE_MODULES = YES;
				CLANG_ENABLE_OBJC_ARC = YES;
				CLANG_WARN_BOOL_CONVERSION = YES;
				CLANG_WARN_CONSTANT_CONVERSION = YES;
				CLANG_WARN_DIRECT_OBJC_ISA_USAGE = YES_ERROR;
				CLANG_WARN_EMPTY_BODY = YES;
				CLANG_WARN_ENUM_CONVERSION = YES;
				CLANG_WARN_INT_CONVERSION = YES;
				CLANG_WARN_OBJC_ROOT_CLASS = YES_ERROR;
				CLANG_WARN_UNREACHABLE_CODE = YES;
				CLANG_WARN__DUPLICATE_METHOD_MATCH = YES;
				"CODE_SIGN_IDENTITY[sdk=iphoneos*]" = "iPhone Developer";
				COPY_PHASE_STRIP = NO;
				DEBUG_INFORMATION_FORMAT = "dwarf-with-dsym";
				ENABLE_NS_ASSERTIONS = NO;
				ENABLE_STRICT_OBJC_MSGSEND = YES;
				GCC_C_LANGUAGE_STANDARD = gnu99;
				GCC_NO_COMMON_BLOCKS = YES;
				GCC_WARN_64_TO_32_BIT_CONVERSION = YES;
				GCC_WARN_ABOUT_RETURN_TYPE = YES_ERROR;
				GCC_WARN_UNDECLARED_SELECTOR = YES;
				GCC_WARN_UNINITIALIZED_AUTOS = YES_AGGRESSIVE;
				GCC_WARN_UNUSED_FUNCTION = YES;
				GCC_WARN_UNUSED_VARIABLE = YES;
				IPHONEOS_DEPLOYMENT_TARGET = 7.0;
				MTL_ENABLE_DEBUG_INFO = NO;
				SDKROOT = iphoneos;
				VALIDATE_PRODUCT = YES;
			};
			name = Release;
		};
		BA6C01011B3072EB007B935F /* Debug */ = {
			isa = XCBuildConfiguration;
			buildSettings = {
				ASSETCATALOG_COMPILER_APPICON_NAME = AppIcon;
				ASSETCATALOG_COMPILER_LAUNCHIMAGE_NAME = LaunchImage;
				CODE_SIGN_IDENTITY = "iPhone Developer";
				GCC_PRECOMPILE_PREFIX_HEADER = YES;
				GCC_PREFIX_HEADER = "Rhythmix/Common/Rhythmix-Prefix.pch";
				INFOPLIST_FILE = Rhythmix/Info.plist;
				IPHONEOS_DEPLOYMENT_TARGET = 7.0;
				LD_RUNPATH_SEARCH_PATHS = "$(inherited) @executable_path/Frameworks";
				PRODUCT_BUNDLE_IDENTIFIER = sj.Rhythmix;
				PRODUCT_NAME = "$(TARGET_NAME)";
			};
			name = Debug;
		};
		BA6C01021B3072EB007B935F /* Release */ = {
			isa = XCBuildConfiguration;
			buildSettings = {
				ASSETCATALOG_COMPILER_APPICON_NAME = AppIcon;
				ASSETCATALOG_COMPILER_LAUNCHIMAGE_NAME = LaunchImage;
				CODE_SIGN_IDENTITY = "iPhone Developer";
				GCC_PRECOMPILE_PREFIX_HEADER = YES;
				GCC_PREFIX_HEADER = "Rhythmix/Common/Rhythmix-Prefix.pch";
				INFOPLIST_FILE = Rhythmix/Info.plist;
				IPHONEOS_DEPLOYMENT_TARGET = 7.0;
				LD_RUNPATH_SEARCH_PATHS = "$(inherited) @executable_path/Frameworks";
				PRODUCT_BUNDLE_IDENTIFIER = sj.Rhythmix;
				PRODUCT_NAME = "$(TARGET_NAME)";
			};
			name = Release;
		};
/* End XCBuildConfiguration section */

/* Begin XCConfigurationList section */
		BA6C00D81B3072EB007B935F /* Build configuration list for PBXProject "Rhythmix" */ = {
			isa = XCConfigurationList;
			buildConfigurations = (
				BA6C00FE1B3072EB007B935F /* Debug */,
				BA6C00FF1B3072EB007B935F /* Release */,
			);
			defaultConfigurationIsVisible = 0;
			defaultConfigurationName = Release;
		};
		BA6C01001B3072EB007B935F /* Build configuration list for PBXNativeTarget "Rhythmix" */ = {
			isa = XCConfigurationList;
			buildConfigurations = (
				BA6C01011B3072EB007B935F /* Debug */,
				BA6C01021B3072EB007B935F /* Release */,
			);
			defaultConfigurationIsVisible = 0;
			defaultConfigurationName = Release;
		};
/* End XCConfigurationList section */
	};
	rootObject = BA6C00D51B3072EB007B935F /* Project object */;
}
